
Microsoft Visual Studio Solution File, Format Version 12.00
# Visual Studio Version 17
VisualStudioVersion = 17.10.35201.131
MinimumVisualStudioVersion = 10.0.40219.1
Project("{9A19103F-16F7-4668-BE54-9A1E7A4F7556}") = "TodoApi", "TodoApi.csproj", "{49035AD5-29C0-460A-8B16-B0887EFC9BCF}"
EndProject
Global
	GlobalSection(SolutionConfigurationPlatforms) = preSolution
		Debug|Any CPU = Debug|Any CPU
		Release|Any CPU = Release|Any CPU
	EndGlobalSection
	GlobalSection(ProjectConfigurationPlatforms) = postSolution
		{49035AD5-29C0-460A-8B16-B0887EFC9BCF}.Debug|Any CPU.ActiveCfg = Debug|Any CPU
		{49035AD5-29C0-460A-8B16-B0887EFC9BCF}.Debug|Any CPU.Build.0 = Debug|Any CPU
		{49035AD5-29C0-460A-8B16-B0887EFC9BCF}.Release|Any CPU.ActiveCfg = Release|Any CPU
		{49035AD5-29C0-460A-8B16-B0887EFC9BCF}.Release|Any CPU.Build.0 = Release|Any CPU
	EndGlobalSection
	GlobalSection(SolutionProperties) = preSolution
		HideSolutionNode = FALSE
	EndGlobalSection
	GlobalSection(ExtensibilityGlobals) = postSolution
		SolutionGuid = {C623A2D2-B185-424D-AD67-60602A6DA19D}
	EndGlobalSection
EndGlobal
